{
  "version": 4,
  "terraform_version": "1.9.8",
  "serial": 45,
  "lineage": "0699edad-9686-2bd4-ecf3-45ac691d8a6d",
  "outputs": {},
  "resources": [
    {
      "mode": "data",
      "type": "aws_availability_zones",
      "name": "available",
      "provider": "provider[\"registry.terraform.io/hashicorp/aws\"]",
      "instances": [
        {
          "schema_version": 0,
          "attributes": {
            "all_availability_zones": null,
            "exclude_names": null,
            "exclude_zone_ids": null,
            "filter": null,
            "group_names": [
              "us-east-1"
            ],
            "id": "us-east-1",
            "names": [
              "us-east-1a",
              "us-east-1b",
              "us-east-1c",
              "us-east-1d",
              "us-east-1e",
              "us-east-1f"
            ],
            "state": null,
            "timeouts": null,
            "zone_ids": [
              "use1-az4",
              "use1-az6",
              "use1-az1",
              "use1-az2",
              "use1-az3",
              "use1-az5"
            ]
          },
          "sensitive_attributes": []
        }
      ]
    },
    {
      "module": "module.ecs_cluster_with_alb.module.alb",
      "mode": "data",
      "type": "aws_partition",
      "name": "current",
      "provider": "provider[\"registry.terraform.io/hashicorp/aws\"]",
      "instances": [
        {
          "schema_version": 0,
          "attributes": {
            "dns_suffix": "amazonaws.com",
            "id": "aws",
            "partition": "aws",
            "reverse_dns_prefix": "com.amazonaws"
          },
          "sensitive_attributes": []
        }
      ]
    },
    {
      "module": "module.ecs_cluster_with_alb.module.alb",
      "mode": "managed",
      "type": "aws_lb",
      "name": "this",
      "provider": "provider[\"registry.terraform.io/hashicorp/aws\"]",
      "instances": [
        {
          "index_key": 0,
          "schema_version": 0,
          "attributes": {
            "access_logs": [
              {
                "bucket": "",
                "enabled": false,
                "prefix": ""
              }
            ],
            "arn": "arn:aws:elasticloadbalancing:us-east-1:533267418676:loadbalancer/app/csw242-default-alb/44669497c27adc7d",
            "arn_suffix": "app/csw242-default-alb/44669497c27adc7d",
            "client_keep_alive": 3600,
            "connection_logs": [
              {
                "bucket": "",
                "enabled": false,
                "prefix": ""
              }
            ],
            "customer_owned_ipv4_pool": "",
            "desync_mitigation_mode": "defensive",
            "dns_name": "csw242-default-alb-284867736.us-east-1.elb.amazonaws.com",
            "dns_record_client_routing_policy": null,
            "drop_invalid_header_fields": true,
            "enable_cross_zone_load_balancing": true,
            "enable_deletion_protection": false,
            "enable_http2": true,
            "enable_tls_version_and_cipher_suite_headers": false,
            "enable_waf_fail_open": false,
            "enable_xff_client_port": false,
            "enable_zonal_shift": false,
            "enforce_security_group_inbound_rules_on_private_link_traffic": "",
            "id": "arn:aws:elasticloadbalancing:us-east-1:533267418676:loadbalancer/app/csw242-default-alb/44669497c27adc7d",
            "idle_timeout": 60,
            "internal": false,
            "ip_address_type": "ipv4",
            "load_balancer_type": "application",
            "name": "csw242-default-alb",
            "name_prefix": "",
            "preserve_host_header": false,
            "security_groups": [
              "sg-029ccd29e06c43e81"
            ],
            "subnet_mapping": [
              {
                "allocation_id": "",
                "ipv6_address": "",
                "outpost_id": "",
                "private_ipv4_address": "",
                "subnet_id": "subnet-0696e887db769759c"
              },
              {
                "allocation_id": "",
                "ipv6_address": "",
                "outpost_id": "",
                "private_ipv4_address": "",
                "subnet_id": "subnet-070e6a5a8afc45670"
              },
              {
                "allocation_id": "",
                "ipv6_address": "",
                "outpost_id": "",
                "private_ipv4_address": "",
                "subnet_id": "subnet-07a00ee4f5e4b5c41"
              }
            ],
            "subnets": [
              "subnet-0696e887db769759c",
              "subnet-070e6a5a8afc45670",
              "subnet-07a00ee4f5e4b5c41"
            ],
            "tags": {
              "terraform-aws-modules": "alb"
            },
            "tags_all": {
              "terraform-aws-modules": "alb"
            },
            "timeouts": {
              "create": null,
              "delete": null,
              "update": null
            },
            "vpc_id": "vpc-0bb56a94880505e3f",
            "xff_header_processing_mode": "append",
            "zone_id": "Z35SXDOTRQ7X7K"
          },
          "sensitive_attributes": [],
          "private": "eyJlMmJmYjczMC1lY2FhLTExZTYtOGY4OC0zNDM2M2JjN2M0YzAiOnsiY3JlYXRlIjo2MDAwMDAwMDAwMDAsImRlbGV0ZSI6NjAwMDAwMDAwMDAwLCJ1cGRhdGUiOjYwMDAwMDAwMDAwMH19",
          "dependencies": [
            "module.ecs_cluster_with_alb.module.alb.aws_security_group.this",
            "module.vpc.data.aws_availability_zones.available",
            "module.vpc.module.aws_vpc.aws_subnet.public",
            "module.vpc.module.aws_vpc.aws_vpc.this",
            "module.vpc.module.aws_vpc.aws_vpc_ipv4_cidr_block_association.this"
          ]
        }
      ]
    },
    {
      "module": "module.ecs_cluster_with_alb.module.alb",
      "mode": "managed",
      "type": "aws_lb_listener",
      "name": "this",
      "provider": "provider[\"registry.terraform.io/hashicorp/aws\"]",
      "instances": [
        {
          "index_key": "ex_http",
          "schema_version": 0,
          "attributes": {
            "alpn_policy": null,
            "arn": "arn:aws:elasticloadbalancing:us-east-1:533267418676:listener/app/csw242-default-alb/44669497c27adc7d/f6d23e6ad30c9eac",
            "certificate_arn": null,
            "default_action": [
              {
                "authenticate_cognito": [],
                "authenticate_oidc": [],
                "fixed_response": [],
                "forward": [],
                "order": 1,
                "redirect": [],
                "target_group_arn": "arn:aws:elasticloadbalancing:us-east-1:533267418676:targetgroup/tf-20241203213540063600000005/129d3653c9a57f6c",
                "type": "forward"
              }
            ],
            "id": "arn:aws:elasticloadbalancing:us-east-1:533267418676:listener/app/csw242-default-alb/44669497c27adc7d/f6d23e6ad30c9eac",
            "load_balancer_arn": "arn:aws:elasticloadbalancing:us-east-1:533267418676:loadbalancer/app/csw242-default-alb/44669497c27adc7d",
            "mutual_authentication": [],
            "port": 80,
            "protocol": "HTTP",
            "ssl_policy": "",
            "tags": {
              "terraform-aws-modules": "alb"
            },
            "tags_all": {
              "terraform-aws-modules": "alb"
            },
            "tcp_idle_timeout_seconds": null,
            "timeouts": null
          },
          "sensitive_attributes": [],
          "private": "eyJlMmJmYjczMC1lY2FhLTExZTYtOGY4OC0zNDM2M2JjN2M0YzAiOnsiY3JlYXRlIjozMDAwMDAwMDAwMDAsInVwZGF0ZSI6MzAwMDAwMDAwMDAwfX0=",
          "dependencies": [
            "module.ecs_cluster_with_alb.module.alb.aws_lb.this",
            "module.ecs_cluster_with_alb.module.alb.aws_lb_target_group.this",
            "module.ecs_cluster_with_alb.module.alb.aws_security_group.this",
            "module.vpc.data.aws_availability_zones.available",
            "module.vpc.module.aws_vpc.aws_subnet.public",
            "module.vpc.module.aws_vpc.aws_vpc.this",
            "module.vpc.module.aws_vpc.aws_vpc_ipv4_cidr_block_association.this"
          ]
        }
      ]
    },
    {
      "module": "module.ecs_cluster_with_alb.module.alb",
      "mode": "managed",
      "type": "aws_lb_target_group",
      "name": "this",
      "provider": "provider[\"registry.terraform.io/hashicorp/aws\"]",
      "instances": [
        {
          "index_key": "ex_ecs",
          "schema_version": 0,
          "attributes": {
            "arn": "arn:aws:elasticloadbalancing:us-east-1:533267418676:targetgroup/tf-20241203213540063600000005/129d3653c9a57f6c",
            "arn_suffix": "targetgroup/tf-20241203213540063600000005/129d3653c9a57f6c",
            "connection_termination": null,
            "deregistration_delay": "5",
            "health_check": [
              {
                "enabled": true,
                "healthy_threshold": 5,
                "interval": 30,
                "matcher": "200",
                "path": "/",
                "port": "traffic-port",
                "protocol": "HTTP",
                "timeout": 5,
                "unhealthy_threshold": 2
              }
            ],
            "id": "arn:aws:elasticloadbalancing:us-east-1:533267418676:targetgroup/tf-20241203213540063600000005/129d3653c9a57f6c",
            "ip_address_type": "ipv4",
            "lambda_multi_value_headers_enabled": false,
            "load_balancer_arns": [],
            "load_balancing_algorithm_type": "round_robin",
            "load_balancing_anomaly_mitigation": "off",
            "load_balancing_cross_zone_enabled": "true",
            "name": "tf-20241203213540063600000005",
            "name_prefix": "tf-",
            "port": 80,
            "preserve_client_ip": null,
            "protocol": "HTTP",
            "protocol_version": "HTTP1",
            "proxy_protocol_v2": false,
            "slow_start": 0,
            "stickiness": [
              {
                "cookie_duration": 86400,
                "cookie_name": "",
                "enabled": false,
                "type": "lb_cookie"
              }
            ],
            "tags": {
              "terraform-aws-modules": "alb"
            },
            "tags_all": {
              "terraform-aws-modules": "alb"
            },
            "target_failover": [
              {
                "on_deregistration": null,
                "on_unhealthy": null
              }
            ],
            "target_group_health": [
              {
                "dns_failover": [
                  {
                    "minimum_healthy_targets_count": "1",
                    "minimum_healthy_targets_percentage": "off"
                  }
                ],
                "unhealthy_state_routing": [
                  {
                    "minimum_healthy_targets_count": 1,
                    "minimum_healthy_targets_percentage": "off"
                  }
                ]
              }
            ],
            "target_health_state": [
              {
                "enable_unhealthy_connection_termination": null,
                "unhealthy_draining_interval": null
              }
            ],
            "target_type": "ip",
            "vpc_id": "vpc-0bb56a94880505e3f"
          },
          "sensitive_attributes": [],
          "private": "bnVsbA==",
          "dependencies": [
            "module.vpc.module.aws_vpc.aws_vpc.this"
          ],
          "create_before_destroy": true
        }
      ]
    },
    {
      "module": "module.ecs_cluster_with_alb.module.alb",
      "mode": "managed",
      "type": "aws_security_group",
      "name": "this",
      "provider": "provider[\"registry.terraform.io/hashicorp/aws\"]",
      "instances": [
        {
          "index_key": 0,
          "schema_version": 1,
          "attributes": {
            "arn": "arn:aws:ec2:us-east-1:533267418676:security-group/sg-029ccd29e06c43e81",
            "description": "Security group for csw242-default-alb application load balancer",
            "egress": [],
            "id": "sg-029ccd29e06c43e81",
            "ingress": [],
            "name": "csw242-default-alb-20241203213540051100000004",
            "name_prefix": "csw242-default-alb-",
            "owner_id": "533267418676",
            "revoke_rules_on_delete": false,
            "tags": {
              "terraform-aws-modules": "alb"
            },
            "tags_all": {
              "terraform-aws-modules": "alb"
            },
            "timeouts": null,
            "vpc_id": "vpc-0bb56a94880505e3f"
          },
          "sensitive_attributes": [],
          "private": "eyJlMmJmYjczMC1lY2FhLTExZTYtOGY4OC0zNDM2M2JjN2M0YzAiOnsiY3JlYXRlIjo2MDAwMDAwMDAwMDAsImRlbGV0ZSI6OTAwMDAwMDAwMDAwfSwic2NoZW1hX3ZlcnNpb24iOiIxIn0=",
          "dependencies": [
            "module.vpc.module.aws_vpc.aws_vpc.this"
          ],
          "create_before_destroy": true
        }
      ]
    },
    {
      "module": "module.ecs_cluster_with_alb.module.alb",
      "mode": "managed",
      "type": "aws_vpc_security_group_egress_rule",
      "name": "this",
      "provider": "provider[\"registry.terraform.io/hashicorp/aws\"]",
      "instances": [
        {
          "index_key": "all",
          "schema_version": 0,
          "attributes": {
            "arn": "arn:aws:ec2:us-east-1:533267418676:security-group-rule/sgr-0dc3a86e85ba08971",
            "cidr_ipv4": "20.10.0.0/16",
            "cidr_ipv6": null,
            "description": null,
            "from_port": null,
            "id": "sgr-0dc3a86e85ba08971",
            "ip_protocol": "-1",
            "prefix_list_id": null,
            "referenced_security_group_id": null,
            "security_group_id": "sg-029ccd29e06c43e81",
            "security_group_rule_id": "sgr-0dc3a86e85ba08971",
            "tags": {
              "terraform-aws-modules": "alb"
            },
            "tags_all": {
              "terraform-aws-modules": "alb"
            },
            "to_port": null
          },
          "sensitive_attributes": [],
          "dependencies": [
            "module.ecs_cluster_with_alb.module.alb.aws_security_group.this",
            "module.vpc.module.aws_vpc.aws_vpc.this"
          ]
        }
      ]
    },
    {
      "module": "module.ecs_cluster_with_alb.module.alb",
      "mode": "managed",
      "type": "aws_vpc_security_group_ingress_rule",
      "name": "this",
      "provider": "provider[\"registry.terraform.io/hashicorp/aws\"]",
      "instances": [
        {
          "index_key": "all_http",
          "schema_version": 0,
          "attributes": {
            "arn": "arn:aws:ec2:us-east-1:533267418676:security-group-rule/sgr-03d3307911148b637",
            "cidr_ipv4": "0.0.0.0/0",
            "cidr_ipv6": null,
            "description": null,
            "from_port": 80,
            "id": "sgr-03d3307911148b637",
            "ip_protocol": "tcp",
            "prefix_list_id": null,
            "referenced_security_group_id": null,
            "security_group_id": "sg-029ccd29e06c43e81",
            "security_group_rule_id": "sgr-03d3307911148b637",
            "tags": {
              "terraform-aws-modules": "alb"
            },
            "tags_all": {
              "terraform-aws-modules": "alb"
            },
            "to_port": 80
          },
          "sensitive_attributes": [],
          "dependencies": [
            "module.ecs_cluster_with_alb.module.alb.aws_security_group.this",
            "module.vpc.module.aws_vpc.aws_vpc.this"
          ]
        }
      ]
    },
    {
      "module": "module.ecs_cluster_with_alb.module.ecs.module.cluster",
      "mode": "managed",
      "type": "aws_cloudwatch_log_group",
      "name": "this",
      "provider": "provider[\"registry.terraform.io/hashicorp/aws\"]",
      "instances": [
        {
          "index_key": 0,
          "schema_version": 0,
          "attributes": {
            "arn": "arn:aws:logs:us-east-1:533267418676:log-group:/aws/ecs/csw242-default-ecs",
            "id": "/aws/ecs/csw242-default-ecs",
            "kms_key_id": "",
            "log_group_class": "STANDARD",
            "name": "/aws/ecs/csw242-default-ecs",
            "name_prefix": "",
            "retention_in_days": 90,
            "skip_destroy": false,
            "tags": null,
            "tags_all": {}
          },
          "sensitive_attributes": [],
          "private": "bnVsbA=="
        }
      ]
    },
    {
      "module": "module.ecs_cluster_with_alb.module.ecs.module.cluster",
      "mode": "managed",
      "type": "aws_ecs_cluster",
      "name": "this",
      "provider": "provider[\"registry.terraform.io/hashicorp/aws\"]",
      "instances": [
        {
          "index_key": 0,
          "schema_version": 0,
          "attributes": {
            "arn": "arn:aws:ecs:us-east-1:533267418676:cluster/csw242-default-ecs",
            "configuration": [
              {
                "execute_command_configuration": [
                  {
                    "kms_key_id": "",
                    "log_configuration": [],
                    "logging": "DEFAULT"
                  }
                ],
                "managed_storage_configuration": []
              }
            ],
            "id": "arn:aws:ecs:us-east-1:533267418676:cluster/csw242-default-ecs",
            "name": "csw242-default-ecs",
            "service_connect_defaults": [],
            "setting": [
              {
                "name": "containerInsights",
                "value": "enabled"
              }
            ],
            "tags": null,
            "tags_all": {}
          },
          "sensitive_attributes": [],
          "private": "bnVsbA==",
          "dependencies": [
            "module.ecs_cluster_with_alb.module.ecs.module.cluster.aws_cloudwatch_log_group.this"
          ]
        }
      ]
    },
    {
      "module": "module.ecs_cluster_with_alb.module.ecs.module.cluster",
      "mode": "managed",
      "type": "aws_ecs_cluster_capacity_providers",
      "name": "this",
      "provider": "provider[\"registry.terraform.io/hashicorp/aws\"]",
      "instances": [
        {
          "index_key": 0,
          "schema_version": 0,
          "attributes": {
            "capacity_providers": [
              "FARGATE",
              "FARGATE_SPOT"
            ],
            "cluster_name": "csw242-default-ecs",
            "default_capacity_provider_strategy": [
              {
                "base": 0,
                "capacity_provider": "FARGATE_SPOT",
                "weight": 50
              },
              {
                "base": 20,
                "capacity_provider": "FARGATE",
                "weight": 50
              }
            ],
            "id": "csw242-default-ecs"
          },
          "sensitive_attributes": [],
          "private": "bnVsbA==",
          "dependencies": [
            "module.ecs_cluster_with_alb.module.ecs.module.cluster.aws_cloudwatch_log_group.this",
            "module.ecs_cluster_with_alb.module.ecs.module.cluster.aws_ecs_capacity_provider.this",
            "module.ecs_cluster_with_alb.module.ecs.module.cluster.aws_ecs_cluster.this"
          ]
        }
      ]
    },
    {
      "module": "module.vpc",
      "mode": "data",
      "type": "aws_availability_zones",
      "name": "available",
      "provider": "provider[\"registry.terraform.io/hashicorp/aws\"]",
      "instances": [
        {
          "schema_version": 0,
          "attributes": {
            "all_availability_zones": null,
            "exclude_names": null,
            "exclude_zone_ids": null,
            "filter": null,
            "group_names": [
              "us-east-1"
            ],
            "id": "us-east-1",
            "names": [
              "us-east-1a",
              "us-east-1b",
              "us-east-1c",
              "us-east-1d",
              "us-east-1e",
              "us-east-1f"
            ],
            "state": "available",
            "timeouts": null,
            "zone_ids": [
              "use1-az4",
              "use1-az6",
              "use1-az1",
              "use1-az2",
              "use1-az3",
              "use1-az5"
            ]
          },
          "sensitive_attributes": []
        }
      ]
    },
    {
      "module": "module.vpc",
      "mode": "data",
      "type": "aws_iam_policy_document",
      "name": "generic_endpoint_policy",
      "provider": "provider[\"registry.terraform.io/hashicorp/aws\"]",
      "instances": [
        {
          "schema_version": 0,
          "attributes": {
            "id": "4274156126",
            "json": "{\n  \"Version\": \"2012-10-17\",\n  \"Statement\": [\n    {\n      \"Effect\": \"Deny\",\n      \"Action\": \"*\",\n      \"Resource\": \"*\",\n      \"Principal\": \"*\",\n      \"Condition\": {\n        \"StringNotEquals\": {\n          \"aws:SourceVpc\": \"vpc-0bb56a94880505e3f\"\n        }\n      }\n    }\n  ]\n}",
            "minified_json": "{\"Version\":\"2012-10-17\",\"Statement\":[{\"Effect\":\"Deny\",\"Action\":\"*\",\"Resource\":\"*\",\"Principal\":\"*\",\"Condition\":{\"StringNotEquals\":{\"aws:SourceVpc\":\"vpc-0bb56a94880505e3f\"}}}]}",
            "override_json": null,
            "override_policy_documents": null,
            "policy_id": null,
            "source_json": null,
            "source_policy_documents": null,
            "statement": [
              {
                "actions": [
                  "*"
                ],
                "condition": [
                  {
                    "test": "StringNotEquals",
                    "values": [
                      "vpc-0bb56a94880505e3f"
                    ],
                    "variable": "aws:SourceVpc"
                  }
                ],
                "effect": "Deny",
                "not_actions": [],
                "not_principals": [],
                "not_resources": [],
                "principals": [
                  {
                    "identifiers": [
                      "*"
                    ],
                    "type": "*"
                  }
                ],
                "resources": [
                  "*"
                ],
                "sid": ""
              }
            ],
            "version": "2012-10-17"
          },
          "sensitive_attributes": []
        }
      ]
    },
    {
      "module": "module.vpc",
      "mode": "data",
      "type": "aws_security_group",
      "name": "default",
      "provider": "provider[\"registry.terraform.io/hashicorp/aws\"]",
      "instances": [
        {
          "schema_version": 0,
          "attributes": {
            "arn": "arn:aws:ec2:us-east-1:533267418676:security-group/sg-090093622b97b2680",
            "description": "default VPC security group",
            "filter": null,
            "id": "sg-090093622b97b2680",
            "name": "default",
            "tags": {},
            "timeouts": null,
            "vpc_id": "vpc-0bb56a94880505e3f"
          },
          "sensitive_attributes": []
        }
      ]
    },
    {
      "module": "module.vpc.module.aws_vpc",
      "mode": "managed",
      "type": "aws_db_subnet_group",
      "name": "database",
      "provider": "provider[\"registry.terraform.io/hashicorp/aws\"]",
      "instances": [
        {
          "index_key": 0,
          "schema_version": 0,
          "attributes": {
            "arn": "arn:aws:rds:us-east-1:533267418676:subgrp:csw242-default-vpc",
            "description": "Database subnet group for csw242-default-vpc",
            "id": "csw242-default-vpc",
            "name": "csw242-default-vpc",
            "name_prefix": "",
            "subnet_ids": [
              "subnet-02c5ca9812ceacf81",
              "subnet-0672fb9e00d223e88",
              "subnet-092d9242a5b7c0fa0"
            ],
            "supported_network_types": [
              "IPV4"
            ],
            "tags": {
              "BusinessOwner": "CSW242 Team",
              "CostCentre": "CCC001",
              "CreatedBy": "CSW242 Team",
              "Domain": "csw242",
              "Environment": "default",
              "Name": "csw242-default-vpc",
              "TechnicalOwner": "DevOps",
              "Terraform": "true",
              "TerraformWorkspace": "default"
            },
            "tags_all": {
              "BusinessOwner": "CSW242 Team",
              "CostCentre": "CCC001",
              "CreatedBy": "CSW242 Team",
              "Domain": "csw242",
              "Environment": "default",
              "Name": "csw242-default-vpc",
              "TechnicalOwner": "DevOps",
              "Terraform": "true",
              "TerraformWorkspace": "default"
            },
            "vpc_id": "vpc-0bb56a94880505e3f"
          },
          "sensitive_attributes": [],
          "private": "bnVsbA==",
          "dependencies": [
            "module.vpc.data.aws_availability_zones.available",
            "module.vpc.module.aws_vpc.aws_subnet.database",
            "module.vpc.module.aws_vpc.aws_vpc.this",
            "module.vpc.module.aws_vpc.aws_vpc_ipv4_cidr_block_association.this"
          ]
        }
      ]
    },
    {
      "module": "module.vpc.module.aws_vpc",
      "mode": "managed",
      "type": "aws_default_network_acl",
      "name": "this",
      "provider": "provider[\"registry.terraform.io/hashicorp/aws\"]",
      "instances": [
        {
          "index_key": 0,
          "schema_version": 0,
          "attributes": {
            "arn": "arn:aws:ec2:us-east-1:533267418676:network-acl/acl-0862f1fb228c185ca",
            "default_network_acl_id": "acl-0862f1fb228c185ca",
            "egress": [
              {
                "action": "allow",
                "cidr_block": "",
                "from_port": 0,
                "icmp_code": null,
                "icmp_type": null,
                "ipv6_cidr_block": "::/0",
                "protocol": "-1",
                "rule_no": 101,
                "to_port": 0
              },
              {
                "action": "allow",
                "cidr_block": "0.0.0.0/0",
                "from_port": 0,
                "icmp_code": null,
                "icmp_type": null,
                "ipv6_cidr_block": "",
                "protocol": "-1",
                "rule_no": 100,
                "to_port": 0
              }
            ],
            "id": "acl-0862f1fb228c185ca",
            "ingress": [
              {
                "action": "allow",
                "cidr_block": "",
                "from_port": 0,
                "icmp_code": null,
                "icmp_type": null,
                "ipv6_cidr_block": "::/0",
                "protocol": "-1",
                "rule_no": 101,
                "to_port": 0
              },
              {
                "action": "allow",
                "cidr_block": "0.0.0.0/0",
                "from_port": 0,
                "icmp_code": null,
                "icmp_type": null,
                "ipv6_cidr_block": "",
                "protocol": "-1",
                "rule_no": 100,
                "to_port": 0
              }
            ],
            "owner_id": "533267418676",
            "subnet_ids": [
              "subnet-02fd143859f2e92ab",
              "subnet-0696e887db769759c",
              "subnet-070e6a5a8afc45670",
              "subnet-07a00ee4f5e4b5c41",
              "subnet-07c8f8d0025e1acfc",
              "subnet-092d9242a5b7c0fa0",
              "subnet-0f3e61428d4bb4004"
            ],
            "tags": {
              "BusinessOwner": "CSW242 Team",
              "CostCentre": "CCC001",
              "CreatedBy": "CSW242 Team",
              "Domain": "csw242",
              "Environment": "default",
              "Name": "csw242-default-vpc-default",
              "TechnicalOwner": "DevOps",
              "Terraform": "true",
              "TerraformWorkspace": "default"
            },
            "tags_all": {
              "BusinessOwner": "CSW242 Team",
              "CostCentre": "CCC001",
              "CreatedBy": "CSW242 Team",
              "Domain": "csw242",
              "Environment": "default",
              "Name": "csw242-default-vpc-default",
              "TechnicalOwner": "DevOps",
              "Terraform": "true",
              "TerraformWorkspace": "default"
            },
            "vpc_id": "vpc-0bb56a94880505e3f"
          },
          "sensitive_attributes": [],
          "private": "bnVsbA==",
          "dependencies": [
            "module.vpc.module.aws_vpc.aws_vpc.this"
          ]
        }
      ]
    },
    {
      "module": "module.vpc.module.aws_vpc",
      "mode": "managed",
      "type": "aws_default_route_table",
      "name": "default",
      "provider": "provider[\"registry.terraform.io/hashicorp/aws\"]",
      "instances": [
        {
          "index_key": 0,
          "schema_version": 0,
          "attributes": {
            "arn": "arn:aws:ec2:us-east-1:533267418676:route-table/rtb-03db2d390b1b95094",
            "default_route_table_id": "rtb-03db2d390b1b95094",
            "id": "rtb-03db2d390b1b95094",
            "owner_id": "533267418676",
            "propagating_vgws": null,
            "route": [],
            "tags": {
              "BusinessOwner": "CSW242 Team",
              "CostCentre": "CCC001",
              "CreatedBy": "CSW242 Team",
              "Domain": "csw242",
              "Environment": "default",
              "Name": "csw242-default-vpc-default",
              "TechnicalOwner": "DevOps",
              "Terraform": "true",
              "TerraformWorkspace": "default"
            },
            "tags_all": {
              "BusinessOwner": "CSW242 Team",
              "CostCentre": "CCC001",
              "CreatedBy": "CSW242 Team",
              "Domain": "csw242",
              "Environment": "default",
              "Name": "csw242-default-vpc-default",
              "TechnicalOwner": "DevOps",
              "Terraform": "true",
              "TerraformWorkspace": "default"
            },
            "timeouts": {
              "create": "5m",
              "update": "5m"
            },
            "vpc_id": "vpc-0bb56a94880505e3f"
          },
          "sensitive_attributes": [],
          "private": "eyJlMmJmYjczMC1lY2FhLTExZTYtOGY4OC0zNDM2M2JjN2M0YzAiOnsiY3JlYXRlIjozMDAwMDAwMDAwMDAsInVwZGF0ZSI6MzAwMDAwMDAwMDAwfX0=",
          "dependencies": [
            "module.vpc.module.aws_vpc.aws_vpc.this"
          ]
        }
      ]
    },
    {
      "module": "module.vpc.module.aws_vpc",
      "mode": "managed",
      "type": "aws_default_security_group",
      "name": "this",
      "provider": "provider[\"registry.terraform.io/hashicorp/aws\"]",
      "instances": [
        {
          "index_key": 0,
          "schema_version": 1,
          "attributes": {
            "arn": "arn:aws:ec2:us-east-1:533267418676:security-group/sg-090093622b97b2680",
            "description": "default VPC security group",
            "egress": [],
            "id": "sg-090093622b97b2680",
            "ingress": [],
            "name": "default",
            "name_prefix": "",
            "owner_id": "533267418676",
            "revoke_rules_on_delete": false,
            "tags": {
              "BusinessOwner": "CSW242 Team",
              "CostCentre": "CCC001",
              "CreatedBy": "CSW242 Team",
              "Domain": "csw242",
              "Environment": "default",
              "Name": "csw242-default-vpc-default",
              "TechnicalOwner": "DevOps",
              "Terraform": "true",
              "TerraformWorkspace": "default"
            },
            "tags_all": {
              "BusinessOwner": "CSW242 Team",
              "CostCentre": "CCC001",
              "CreatedBy": "CSW242 Team",
              "Domain": "csw242",
              "Environment": "default",
              "Name": "csw242-default-vpc-default",
              "TechnicalOwner": "DevOps",
              "Terraform": "true",
              "TerraformWorkspace": "default"
            },
            "vpc_id": "vpc-0bb56a94880505e3f"
          },
          "sensitive_attributes": [],
          "private": "eyJzY2hlbWFfdmVyc2lvbiI6IjEifQ==",
          "dependencies": [
            "module.vpc.module.aws_vpc.aws_vpc.this"
          ]
        }
      ]
    },
    {
      "module": "module.vpc.module.aws_vpc",
      "mode": "managed",
      "type": "aws_internet_gateway",
      "name": "this",
      "provider": "provider[\"registry.terraform.io/hashicorp/aws\"]",
      "instances": [
        {
          "index_key": 0,
          "schema_version": 0,
          "attributes": {
            "arn": "arn:aws:ec2:us-east-1:533267418676:internet-gateway/igw-00571ef628494a3a3",
            "id": "igw-00571ef628494a3a3",
            "owner_id": "533267418676",
            "tags": {
              "BusinessOwner": "CSW242 Team",
              "CostCentre": "CCC001",
              "CreatedBy": "CSW242 Team",
              "Domain": "csw242",
              "Environment": "default",
              "Name": "csw242-default-vpc",
              "TechnicalOwner": "DevOps",
              "Terraform": "true",
              "TerraformWorkspace": "default"
            },
            "tags_all": {
              "BusinessOwner": "CSW242 Team",
              "CostCentre": "CCC001",
              "CreatedBy": "CSW242 Team",
              "Domain": "csw242",
              "Environment": "default",
              "Name": "csw242-default-vpc",
              "TechnicalOwner": "DevOps",
              "Terraform": "true",
              "TerraformWorkspace": "default"
            },
            "timeouts": null,
            "vpc_id": "vpc-0bb56a94880505e3f"
          },
          "sensitive_attributes": [],
          "private": "eyJlMmJmYjczMC1lY2FhLTExZTYtOGY4OC0zNDM2M2JjN2M0YzAiOnsiY3JlYXRlIjoxMjAwMDAwMDAwMDAwLCJkZWxldGUiOjEyMDAwMDAwMDAwMDAsInVwZGF0ZSI6MTIwMDAwMDAwMDAwMH19",
          "dependencies": [
            "module.vpc.module.aws_vpc.aws_vpc.this",
            "module.vpc.module.aws_vpc.aws_vpc_ipv4_cidr_block_association.this"
          ]
        }
      ]
    },
    {
      "module": "module.vpc.module.aws_vpc",
      "mode": "managed",
      "type": "aws_route",
      "name": "database_internet_gateway",
      "provider": "provider[\"registry.terraform.io/hashicorp/aws\"]",
      "instances": [
        {
          "index_key": 0,
          "schema_version": 0,
          "attributes": {
            "carrier_gateway_id": "",
            "core_network_arn": "",
            "destination_cidr_block": "0.0.0.0/0",
            "destination_ipv6_cidr_block": "",
            "destination_prefix_list_id": "",
            "egress_only_gateway_id": "",
            "gateway_id": "igw-00571ef628494a3a3",
            "id": "r-rtb-0314d46a821a2f0061080289494",
            "instance_id": "",
            "instance_owner_id": "",
            "local_gateway_id": "",
            "nat_gateway_id": "",
            "network_interface_id": "",
            "origin": "CreateRoute",
            "route_table_id": "rtb-0314d46a821a2f006",
            "state": "active",
            "timeouts": {
              "create": "5m",
              "delete": null,
              "update": null
            },
            "transit_gateway_id": "",
            "vpc_endpoint_id": "",
            "vpc_peering_connection_id": ""
          },
          "sensitive_attributes": [],
          "private": "eyJlMmJmYjczMC1lY2FhLTExZTYtOGY4OC0zNDM2M2JjN2M0YzAiOnsiY3JlYXRlIjozMDAwMDAwMDAwMDAsImRlbGV0ZSI6MzAwMDAwMDAwMDAwLCJ1cGRhdGUiOjEyMDAwMDAwMDAwMH19",
          "dependencies": [
            "module.vpc.data.aws_availability_zones.available",
            "module.vpc.module.aws_vpc.aws_internet_gateway.this",
            "module.vpc.module.aws_vpc.aws_route_table.database",
            "module.vpc.module.aws_vpc.aws_vpc.this",
            "module.vpc.module.aws_vpc.aws_vpc_ipv4_cidr_block_association.this"
          ]
        }
      ]
    },
    {
      "module": "module.vpc.module.aws_vpc",
      "mode": "managed",
      "type": "aws_route",
      "name": "public_internet_gateway",
      "provider": "provider[\"registry.terraform.io/hashicorp/aws\"]",
      "instances": [
        {
          "index_key": 0,
          "schema_version": 0,
          "attributes": {
            "carrier_gateway_id": "",
            "core_network_arn": "",
            "destination_cidr_block": "0.0.0.0/0",
            "destination_ipv6_cidr_block": "",
            "destination_prefix_list_id": "",
            "egress_only_gateway_id": "",
            "gateway_id": "igw-00571ef628494a3a3",
            "id": "r-rtb-0cfa6229215aea9ba1080289494",
            "instance_id": "",
            "instance_owner_id": "",
            "local_gateway_id": "",
            "nat_gateway_id": "",
            "network_interface_id": "",
            "origin": "CreateRoute",
            "route_table_id": "rtb-0cfa6229215aea9ba",
            "state": "active",
            "timeouts": {
              "create": "5m",
              "delete": null,
              "update": null
            },
            "transit_gateway_id": "",
            "vpc_endpoint_id": "",
            "vpc_peering_connection_id": ""
          },
          "sensitive_attributes": [],
          "private": "eyJlMmJmYjczMC1lY2FhLTExZTYtOGY4OC0zNDM2M2JjN2M0YzAiOnsiY3JlYXRlIjozMDAwMDAwMDAwMDAsImRlbGV0ZSI6MzAwMDAwMDAwMDAwLCJ1cGRhdGUiOjEyMDAwMDAwMDAwMH19",
          "dependencies": [
            "module.vpc.data.aws_availability_zones.available",
            "module.vpc.module.aws_vpc.aws_internet_gateway.this",
            "module.vpc.module.aws_vpc.aws_route_table.public",
            "module.vpc.module.aws_vpc.aws_vpc.this",
            "module.vpc.module.aws_vpc.aws_vpc_ipv4_cidr_block_association.this"
          ]
        }
      ]
    },
    {
      "module": "module.vpc.module.aws_vpc",
      "mode": "managed",
      "type": "aws_route_table",
      "name": "database",
      "provider": "provider[\"registry.terraform.io/hashicorp/aws\"]",
      "instances": [
        {
          "index_key": 0,
          "schema_version": 0,
          "attributes": {
            "arn": "arn:aws:ec2:us-east-1:533267418676:route-table/rtb-0314d46a821a2f006",
            "id": "rtb-0314d46a821a2f006",
            "owner_id": "533267418676",
            "propagating_vgws": [],
            "route": [],
            "tags": {
              "BusinessOwner": "CSW242 Team",
              "CostCentre": "CCC001",
              "CreatedBy": "CSW242 Team",
              "Domain": "csw242",
              "Environment": "default",
              "Name": "csw242-default-vpc-db",
              "TechnicalOwner": "DevOps",
              "Terraform": "true",
              "TerraformWorkspace": "default"
            },
            "tags_all": {
              "BusinessOwner": "CSW242 Team",
              "CostCentre": "CCC001",
              "CreatedBy": "CSW242 Team",
              "Domain": "csw242",
              "Environment": "default",
              "Name": "csw242-default-vpc-db",
              "TechnicalOwner": "DevOps",
              "Terraform": "true",
              "TerraformWorkspace": "default"
            },
            "timeouts": null,
            "vpc_id": "vpc-0bb56a94880505e3f"
          },
          "sensitive_attributes": [],
          "private": "eyJlMmJmYjczMC1lY2FhLTExZTYtOGY4OC0zNDM2M2JjN2M0YzAiOnsiY3JlYXRlIjozMDAwMDAwMDAwMDAsImRlbGV0ZSI6MzAwMDAwMDAwMDAwLCJ1cGRhdGUiOjEyMDAwMDAwMDAwMH19",
          "dependencies": [
            "module.vpc.data.aws_availability_zones.available",
            "module.vpc.module.aws_vpc.aws_vpc.this",
            "module.vpc.module.aws_vpc.aws_vpc_ipv4_cidr_block_association.this"
          ]
        }
      ]
    },
    {
      "module": "module.vpc.module.aws_vpc",
      "mode": "managed",
      "type": "aws_route_table",
      "name": "private",
      "provider": "provider[\"registry.terraform.io/hashicorp/aws\"]",
      "instances": [
        {
          "index_key": 0,
          "schema_version": 0,
          "attributes": {
            "arn": "arn:aws:ec2:us-east-1:533267418676:route-table/rtb-0350554dcc51f4e9f",
            "id": "rtb-0350554dcc51f4e9f",
            "owner_id": "533267418676",
            "propagating_vgws": [],
            "route": [],
            "tags": {
              "BusinessOwner": "CSW242 Team",
              "CostCentre": "CCC001",
              "CreatedBy": "CSW242 Team",
              "Domain": "csw242",
              "Environment": "default",
              "Name": "csw242-default-vpc-private",
              "TechnicalOwner": "DevOps",
              "Terraform": "true",
              "TerraformWorkspace": "default"
            },
            "tags_all": {
              "BusinessOwner": "CSW242 Team",
              "CostCentre": "CCC001",
              "CreatedBy": "CSW242 Team",
              "Domain": "csw242",
              "Environment": "default",
              "Name": "csw242-default-vpc-private",
              "TechnicalOwner": "DevOps",
              "Terraform": "true",
              "TerraformWorkspace": "default"
            },
            "timeouts": null,
            "vpc_id": "vpc-0bb56a94880505e3f"
          },
          "sensitive_attributes": [],
          "private": "eyJlMmJmYjczMC1lY2FhLTExZTYtOGY4OC0zNDM2M2JjN2M0YzAiOnsiY3JlYXRlIjozMDAwMDAwMDAwMDAsImRlbGV0ZSI6MzAwMDAwMDAwMDAwLCJ1cGRhdGUiOjEyMDAwMDAwMDAwMH19",
          "dependencies": [
            "module.vpc.data.aws_availability_zones.available",
            "module.vpc.module.aws_vpc.aws_vpc.this",
            "module.vpc.module.aws_vpc.aws_vpc_ipv4_cidr_block_association.this"
          ]
        }
      ]
    },
    {
      "module": "module.vpc.module.aws_vpc",
      "mode": "managed",
      "type": "aws_route_table",
      "name": "public",
      "provider": "provider[\"registry.terraform.io/hashicorp/aws\"]",
      "instances": [
        {
          "index_key": 0,
          "schema_version": 0,
          "attributes": {
            "arn": "arn:aws:ec2:us-east-1:533267418676:route-table/rtb-0cfa6229215aea9ba",
            "id": "rtb-0cfa6229215aea9ba",
            "owner_id": "533267418676",
            "propagating_vgws": [],
            "route": [],
            "tags": {
              "BusinessOwner": "CSW242 Team",
              "CostCentre": "CCC001",
              "CreatedBy": "CSW242 Team",
              "Domain": "csw242",
              "Environment": "default",
              "Name": "csw242-default-vpc-public",
              "TechnicalOwner": "DevOps",
              "Terraform": "true",
              "TerraformWorkspace": "default"
            },
            "tags_all": {
              "BusinessOwner": "CSW242 Team",
              "CostCentre": "CCC001",
              "CreatedBy": "CSW242 Team",
              "Domain": "csw242",
              "Environment": "default",
              "Name": "csw242-default-vpc-public",
              "TechnicalOwner": "DevOps",
              "Terraform": "true",
              "TerraformWorkspace": "default"
            },
            "timeouts": null,
            "vpc_id": "vpc-0bb56a94880505e3f"
          },
          "sensitive_attributes": [],
          "private": "eyJlMmJmYjczMC1lY2FhLTExZTYtOGY4OC0zNDM2M2JjN2M0YzAiOnsiY3JlYXRlIjozMDAwMDAwMDAwMDAsImRlbGV0ZSI6MzAwMDAwMDAwMDAwLCJ1cGRhdGUiOjEyMDAwMDAwMDAwMH19",
          "dependencies": [
            "module.vpc.data.aws_availability_zones.available",
            "module.vpc.module.aws_vpc.aws_vpc.this",
            "module.vpc.module.aws_vpc.aws_vpc_ipv4_cidr_block_association.this"
          ]
        }
      ]
    },
    {
      "module": "module.vpc.module.aws_vpc",
      "mode": "managed",
      "type": "aws_route_table_association",
      "name": "database",
      "provider": "provider[\"registry.terraform.io/hashicorp/aws\"]",
      "instances": [
        {
          "index_key": 0,
          "schema_version": 0,
          "attributes": {
            "gateway_id": "",
            "id": "rtbassoc-0bbfc49ee28648c01",
            "route_table_id": "rtb-0314d46a821a2f006",
            "subnet_id": "subnet-092d9242a5b7c0fa0",
            "timeouts": null
          },
          "sensitive_attributes": [],
          "private": "eyJlMmJmYjczMC1lY2FhLTExZTYtOGY4OC0zNDM2M2JjN2M0YzAiOnsiY3JlYXRlIjozMDAwMDAwMDAwMDAsImRlbGV0ZSI6MzAwMDAwMDAwMDAwLCJ1cGRhdGUiOjEyMDAwMDAwMDAwMH19",
          "dependencies": [
            "module.vpc.data.aws_availability_zones.available",
            "module.vpc.module.aws_vpc.aws_route_table.database",
            "module.vpc.module.aws_vpc.aws_route_table.private",
            "module.vpc.module.aws_vpc.aws_subnet.database",
            "module.vpc.module.aws_vpc.aws_vpc.this",
            "module.vpc.module.aws_vpc.aws_vpc_ipv4_cidr_block_association.this"
          ]
        },
        {
          "index_key": 1,
          "schema_version": 0,
          "attributes": {
            "gateway_id": "",
            "id": "rtbassoc-07eefe9ba47d46313",
            "route_table_id": "rtb-0314d46a821a2f006",
            "subnet_id": "subnet-02c5ca9812ceacf81",
            "timeouts": null
          },
          "sensitive_attributes": [],
          "private": "eyJlMmJmYjczMC1lY2FhLTExZTYtOGY4OC0zNDM2M2JjN2M0YzAiOnsiY3JlYXRlIjozMDAwMDAwMDAwMDAsImRlbGV0ZSI6MzAwMDAwMDAwMDAwLCJ1cGRhdGUiOjEyMDAwMDAwMDAwMH19",
          "dependencies": [
            "module.vpc.data.aws_availability_zones.available",
            "module.vpc.module.aws_vpc.aws_route_table.database",
            "module.vpc.module.aws_vpc.aws_route_table.private",
            "module.vpc.module.aws_vpc.aws_subnet.database",
            "module.vpc.module.aws_vpc.aws_vpc.this",
            "module.vpc.module.aws_vpc.aws_vpc_ipv4_cidr_block_association.this"
          ]
        },
        {
          "index_key": 2,
          "schema_version": 0,
          "attributes": {
            "gateway_id": "",
            "id": "rtbassoc-04a6f52482487c920",
            "route_table_id": "rtb-0314d46a821a2f006",
            "subnet_id": "subnet-0672fb9e00d223e88",
            "timeouts": null
          },
          "sensitive_attributes": [],
          "private": "eyJlMmJmYjczMC1lY2FhLTExZTYtOGY4OC0zNDM2M2JjN2M0YzAiOnsiY3JlYXRlIjozMDAwMDAwMDAwMDAsImRlbGV0ZSI6MzAwMDAwMDAwMDAwLCJ1cGRhdGUiOjEyMDAwMDAwMDAwMH19",
          "dependencies": [
            "module.vpc.data.aws_availability_zones.available",
            "module.vpc.module.aws_vpc.aws_route_table.database",
            "module.vpc.module.aws_vpc.aws_route_table.private",
            "module.vpc.module.aws_vpc.aws_subnet.database",
            "module.vpc.module.aws_vpc.aws_vpc.this",
            "module.vpc.module.aws_vpc.aws_vpc_ipv4_cidr_block_association.this"
          ]
        }
      ]
    },
    {
      "module": "module.vpc.module.aws_vpc",
      "mode": "managed",
      "type": "aws_route_table_association",
      "name": "private",
      "provider": "provider[\"registry.terraform.io/hashicorp/aws\"]",
      "instances": [
        {
          "index_key": 0,
          "schema_version": 0,
          "attributes": {
            "gateway_id": "",
            "id": "rtbassoc-0586a93f144776a51",
            "route_table_id": "rtb-0350554dcc51f4e9f",
            "subnet_id": "subnet-07c8f8d0025e1acfc",
            "timeouts": null
          },
          "sensitive_attributes": [],
          "private": "eyJlMmJmYjczMC1lY2FhLTExZTYtOGY4OC0zNDM2M2JjN2M0YzAiOnsiY3JlYXRlIjozMDAwMDAwMDAwMDAsImRlbGV0ZSI6MzAwMDAwMDAwMDAwLCJ1cGRhdGUiOjEyMDAwMDAwMDAwMH19",
          "dependencies": [
            "module.vpc.data.aws_availability_zones.available",
            "module.vpc.module.aws_vpc.aws_route_table.private",
            "module.vpc.module.aws_vpc.aws_subnet.private",
            "module.vpc.module.aws_vpc.aws_vpc.this",
            "module.vpc.module.aws_vpc.aws_vpc_ipv4_cidr_block_association.this"
          ]
        },
        {
          "index_key": 1,
          "schema_version": 0,
          "attributes": {
            "gateway_id": "",
            "id": "rtbassoc-0e0cc3af70f71ce82",
            "route_table_id": "rtb-0350554dcc51f4e9f",
            "subnet_id": "subnet-0f3e61428d4bb4004",
            "timeouts": null
          },
          "sensitive_attributes": [],
          "private": "eyJlMmJmYjczMC1lY2FhLTExZTYtOGY4OC0zNDM2M2JjN2M0YzAiOnsiY3JlYXRlIjozMDAwMDAwMDAwMDAsImRlbGV0ZSI6MzAwMDAwMDAwMDAwLCJ1cGRhdGUiOjEyMDAwMDAwMDAwMH19",
          "dependencies": [
            "module.vpc.data.aws_availability_zones.available",
            "module.vpc.module.aws_vpc.aws_route_table.private",
            "module.vpc.module.aws_vpc.aws_subnet.private",
            "module.vpc.module.aws_vpc.aws_vpc.this",
            "module.vpc.module.aws_vpc.aws_vpc_ipv4_cidr_block_association.this"
          ]
        },
        {
          "index_key": 2,
          "schema_version": 0,
          "attributes": {
            "gateway_id": "",
            "id": "rtbassoc-096c7436a6506bc5b",
            "route_table_id": "rtb-0350554dcc51f4e9f",
            "subnet_id": "subnet-02fd143859f2e92ab",
            "timeouts": null
          },
          "sensitive_attributes": [],
          "private": "eyJlMmJmYjczMC1lY2FhLTExZTYtOGY4OC0zNDM2M2JjN2M0YzAiOnsiY3JlYXRlIjozMDAwMDAwMDAwMDAsImRlbGV0ZSI6MzAwMDAwMDAwMDAwLCJ1cGRhdGUiOjEyMDAwMDAwMDAwMH19",
          "dependencies": [
            "module.vpc.data.aws_availability_zones.available",
            "module.vpc.module.aws_vpc.aws_route_table.private",
            "module.vpc.module.aws_vpc.aws_subnet.private",
            "module.vpc.module.aws_vpc.aws_vpc.this",
            "module.vpc.module.aws_vpc.aws_vpc_ipv4_cidr_block_association.this"
          ]
        }
      ]
    },
    {
      "module": "module.vpc.module.aws_vpc",
      "mode": "managed",
      "type": "aws_route_table_association",
      "name": "public",
      "provider": "provider[\"registry.terraform.io/hashicorp/aws\"]",
      "instances": [
        {
          "index_key": 0,
          "schema_version": 0,
          "attributes": {
            "gateway_id": "",
            "id": "rtbassoc-03d74c250dafba966",
            "route_table_id": "rtb-0cfa6229215aea9ba",
            "subnet_id": "subnet-0696e887db769759c",
            "timeouts": null
          },
          "sensitive_attributes": [],
          "private": "eyJlMmJmYjczMC1lY2FhLTExZTYtOGY4OC0zNDM2M2JjN2M0YzAiOnsiY3JlYXRlIjozMDAwMDAwMDAwMDAsImRlbGV0ZSI6MzAwMDAwMDAwMDAwLCJ1cGRhdGUiOjEyMDAwMDAwMDAwMH19",
          "dependencies": [
            "module.vpc.data.aws_availability_zones.available",
            "module.vpc.module.aws_vpc.aws_route_table.public",
            "module.vpc.module.aws_vpc.aws_subnet.public",
            "module.vpc.module.aws_vpc.aws_vpc.this",
            "module.vpc.module.aws_vpc.aws_vpc_ipv4_cidr_block_association.this"
          ]
        },
        {
          "index_key": 1,
          "schema_version": 0,
          "attributes": {
            "gateway_id": "",
            "id": "rtbassoc-023efc24abf3221ce",
            "route_table_id": "rtb-0cfa6229215aea9ba",
            "subnet_id": "subnet-070e6a5a8afc45670",
            "timeouts": null
          },
          "sensitive_attributes": [],
          "private": "eyJlMmJmYjczMC1lY2FhLTExZTYtOGY4OC0zNDM2M2JjN2M0YzAiOnsiY3JlYXRlIjozMDAwMDAwMDAwMDAsImRlbGV0ZSI6MzAwMDAwMDAwMDAwLCJ1cGRhdGUiOjEyMDAwMDAwMDAwMH19",
          "dependencies": [
            "module.vpc.data.aws_availability_zones.available",
            "module.vpc.module.aws_vpc.aws_route_table.public",
            "module.vpc.module.aws_vpc.aws_subnet.public",
            "module.vpc.module.aws_vpc.aws_vpc.this",
            "module.vpc.module.aws_vpc.aws_vpc_ipv4_cidr_block_association.this"
          ]
        },
        {
          "index_key": 2,
          "schema_version": 0,
          "attributes": {
            "gateway_id": "",
            "id": "rtbassoc-07cbacd1ba5b27411",
            "route_table_id": "rtb-0cfa6229215aea9ba",
            "subnet_id": "subnet-07a00ee4f5e4b5c41",
            "timeouts": null
          },
          "sensitive_attributes": [],
          "private": "eyJlMmJmYjczMC1lY2FhLTExZTYtOGY4OC0zNDM2M2JjN2M0YzAiOnsiY3JlYXRlIjozMDAwMDAwMDAwMDAsImRlbGV0ZSI6MzAwMDAwMDAwMDAwLCJ1cGRhdGUiOjEyMDAwMDAwMDAwMH19",
          "dependencies": [
            "module.vpc.data.aws_availability_zones.available",
            "module.vpc.module.aws_vpc.aws_route_table.public",
            "module.vpc.module.aws_vpc.aws_subnet.public",
            "module.vpc.module.aws_vpc.aws_vpc.this",
            "module.vpc.module.aws_vpc.aws_vpc_ipv4_cidr_block_association.this"
          ]
        }
      ]
    },
    {
      "module": "module.vpc.module.aws_vpc",
      "mode": "managed",
      "type": "aws_subnet",
      "name": "database",
      "provider": "provider[\"registry.terraform.io/hashicorp/aws\"]",
      "instances": [
        {
          "index_key": 0,
          "schema_version": 1,
          "attributes": {
            "arn": "arn:aws:ec2:us-east-1:533267418676:subnet/subnet-092d9242a5b7c0fa0",
            "assign_ipv6_address_on_creation": false,
            "availability_zone": "us-east-1a",
            "availability_zone_id": "use1-az4",
            "cidr_block": "20.10.21.0/24",
            "customer_owned_ipv4_pool": "",
            "enable_dns64": false,
            "enable_lni_at_device_index": 0,
            "enable_resource_name_dns_a_record_on_launch": false,
            "enable_resource_name_dns_aaaa_record_on_launch": false,
            "id": "subnet-092d9242a5b7c0fa0",
            "ipv6_cidr_block": "",
            "ipv6_cidr_block_association_id": "",
            "ipv6_native": false,
            "map_customer_owned_ip_on_launch": false,
            "map_public_ip_on_launch": false,
            "outpost_arn": "",
            "owner_id": "533267418676",
            "private_dns_hostname_type_on_launch": "ip-name",
            "tags": {
              "BusinessOwner": "CSW242 Team",
              "CostCentre": "CCC001",
              "CreatedBy": "CSW242 Team",
              "Domain": "csw242",
              "Environment": "default",
              "Name": "csw242-default-vpc-db-us-east-1a",
              "TechnicalOwner": "DevOps",
              "Terraform": "true",
              "TerraformWorkspace": "default"
            },
            "tags_all": {
              "BusinessOwner": "CSW242 Team",
              "CostCentre": "CCC001",
              "CreatedBy": "CSW242 Team",
              "Domain": "csw242",
              "Environment": "default",
              "Name": "csw242-default-vpc-db-us-east-1a",
              "TechnicalOwner": "DevOps",
              "Terraform": "true",
              "TerraformWorkspace": "default"
            },
            "timeouts": null,
            "vpc_id": "vpc-0bb56a94880505e3f"
          },
          "sensitive_attributes": [],
          "private": "eyJlMmJmYjczMC1lY2FhLTExZTYtOGY4OC0zNDM2M2JjN2M0YzAiOnsiY3JlYXRlIjo2MDAwMDAwMDAwMDAsImRlbGV0ZSI6MTIwMDAwMDAwMDAwMH0sInNjaGVtYV92ZXJzaW9uIjoiMSJ9",
          "dependencies": [
            "module.vpc.data.aws_availability_zones.available",
            "module.vpc.module.aws_vpc.aws_vpc.this",
            "module.vpc.module.aws_vpc.aws_vpc_ipv4_cidr_block_association.this"
          ]
        },
        {
          "index_key": 1,
          "schema_version": 1,
          "attributes": {
            "arn": "arn:aws:ec2:us-east-1:533267418676:subnet/subnet-02c5ca9812ceacf81",
            "assign_ipv6_address_on_creation": false,
            "availability_zone": "us-east-1b",
            "availability_zone_id": "use1-az6",
            "cidr_block": "20.10.22.0/24",
            "customer_owned_ipv4_pool": "",
            "enable_dns64": false,
            "enable_lni_at_device_index": 0,
            "enable_resource_name_dns_a_record_on_launch": false,
            "enable_resource_name_dns_aaaa_record_on_launch": false,
            "id": "subnet-02c5ca9812ceacf81",
            "ipv6_cidr_block": "",
            "ipv6_cidr_block_association_id": "",
            "ipv6_native": false,
            "map_customer_owned_ip_on_launch": false,
            "map_public_ip_on_launch": false,
            "outpost_arn": "",
            "owner_id": "533267418676",
            "private_dns_hostname_type_on_launch": "ip-name",
            "tags": {
              "BusinessOwner": "CSW242 Team",
              "CostCentre": "CCC001",
              "CreatedBy": "CSW242 Team",
              "Domain": "csw242",
              "Environment": "default",
              "Name": "csw242-default-vpc-db-us-east-1b",
              "TechnicalOwner": "DevOps",
              "Terraform": "true",
              "TerraformWorkspace": "default"
            },
            "tags_all": {
              "BusinessOwner": "CSW242 Team",
              "CostCentre": "CCC001",
              "CreatedBy": "CSW242 Team",
              "Domain": "csw242",
              "Environment": "default",
              "Name": "csw242-default-vpc-db-us-east-1b",
              "TechnicalOwner": "DevOps",
              "Terraform": "true",
              "TerraformWorkspace": "default"
            },
            "timeouts": null,
            "vpc_id": "vpc-0bb56a94880505e3f"
          },
          "sensitive_attributes": [],
          "private": "eyJlMmJmYjczMC1lY2FhLTExZTYtOGY4OC0zNDM2M2JjN2M0YzAiOnsiY3JlYXRlIjo2MDAwMDAwMDAwMDAsImRlbGV0ZSI6MTIwMDAwMDAwMDAwMH0sInNjaGVtYV92ZXJzaW9uIjoiMSJ9",
          "dependencies": [
            "module.vpc.data.aws_availability_zones.available",
            "module.vpc.module.aws_vpc.aws_vpc.this",
            "module.vpc.module.aws_vpc.aws_vpc_ipv4_cidr_block_association.this"
          ]
        },
        {
          "index_key": 2,
          "schema_version": 1,
          "attributes": {
            "arn": "arn:aws:ec2:us-east-1:533267418676:subnet/subnet-0672fb9e00d223e88",
            "assign_ipv6_address_on_creation": false,
            "availability_zone": "us-east-1c",
            "availability_zone_id": "use1-az1",
            "cidr_block": "20.10.23.0/24",
            "customer_owned_ipv4_pool": "",
            "enable_dns64": false,
            "enable_lni_at_device_index": 0,
            "enable_resource_name_dns_a_record_on_launch": false,
            "enable_resource_name_dns_aaaa_record_on_launch": false,
            "id": "subnet-0672fb9e00d223e88",
            "ipv6_cidr_block": "",
            "ipv6_cidr_block_association_id": "",
            "ipv6_native": false,
            "map_customer_owned_ip_on_launch": false,
            "map_public_ip_on_launch": false,
            "outpost_arn": "",
            "owner_id": "533267418676",
            "private_dns_hostname_type_on_launch": "ip-name",
            "tags": {
              "BusinessOwner": "CSW242 Team",
              "CostCentre": "CCC001",
              "CreatedBy": "CSW242 Team",
              "Domain": "csw242",
              "Environment": "default",
              "Name": "csw242-default-vpc-db-us-east-1c",
              "TechnicalOwner": "DevOps",
              "Terraform": "true",
              "TerraformWorkspace": "default"
            },
            "tags_all": {
              "BusinessOwner": "CSW242 Team",
              "CostCentre": "CCC001",
              "CreatedBy": "CSW242 Team",
              "Domain": "csw242",
              "Environment": "default",
              "Name": "csw242-default-vpc-db-us-east-1c",
              "TechnicalOwner": "DevOps",
              "Terraform": "true",
              "TerraformWorkspace": "default"
            },
            "timeouts": null,
            "vpc_id": "vpc-0bb56a94880505e3f"
          },
          "sensitive_attributes": [],
          "private": "eyJlMmJmYjczMC1lY2FhLTExZTYtOGY4OC0zNDM2M2JjN2M0YzAiOnsiY3JlYXRlIjo2MDAwMDAwMDAwMDAsImRlbGV0ZSI6MTIwMDAwMDAwMDAwMH0sInNjaGVtYV92ZXJzaW9uIjoiMSJ9",
          "dependencies": [
            "module.vpc.data.aws_availability_zones.available",
            "module.vpc.module.aws_vpc.aws_vpc.this",
            "module.vpc.module.aws_vpc.aws_vpc_ipv4_cidr_block_association.this"
          ]
        }
      ]
    },
    {
      "module": "module.vpc.module.aws_vpc",
      "mode": "managed",
      "type": "aws_subnet",
      "name": "private",
      "provider": "provider[\"registry.terraform.io/hashicorp/aws\"]",
      "instances": [
        {
          "index_key": 0,
          "schema_version": 1,
          "attributes": {
            "arn": "arn:aws:ec2:us-east-1:533267418676:subnet/subnet-07c8f8d0025e1acfc",
            "assign_ipv6_address_on_creation": false,
            "availability_zone": "us-east-1a",
            "availability_zone_id": "use1-az4",
            "cidr_block": "20.10.1.0/24",
            "customer_owned_ipv4_pool": "",
            "enable_dns64": false,
            "enable_lni_at_device_index": 0,
            "enable_resource_name_dns_a_record_on_launch": false,
            "enable_resource_name_dns_aaaa_record_on_launch": false,
            "id": "subnet-07c8f8d0025e1acfc",
            "ipv6_cidr_block": "",
            "ipv6_cidr_block_association_id": "",
            "ipv6_native": false,
            "map_customer_owned_ip_on_launch": false,
            "map_public_ip_on_launch": false,
            "outpost_arn": "",
            "owner_id": "533267418676",
            "private_dns_hostname_type_on_launch": "ip-name",
            "tags": {
              "BusinessOwner": "CSW242 Team",
              "CostCentre": "CCC001",
              "CreatedBy": "CSW242 Team",
              "Domain": "csw242",
              "Environment": "default",
              "Name": "csw242-default-vpc-private-us-east-1a",
              "TechnicalOwner": "DevOps",
              "Terraform": "true",
              "TerraformWorkspace": "default"
            },
            "tags_all": {
              "BusinessOwner": "CSW242 Team",
              "CostCentre": "CCC001",
              "CreatedBy": "CSW242 Team",
              "Domain": "csw242",
              "Environment": "default",
              "Name": "csw242-default-vpc-private-us-east-1a",
              "TechnicalOwner": "DevOps",
              "Terraform": "true",
              "TerraformWorkspace": "default"
            },
            "timeouts": null,
            "vpc_id": "vpc-0bb56a94880505e3f"
          },
          "sensitive_attributes": [],
          "private": "eyJlMmJmYjczMC1lY2FhLTExZTYtOGY4OC0zNDM2M2JjN2M0YzAiOnsiY3JlYXRlIjo2MDAwMDAwMDAwMDAsImRlbGV0ZSI6MTIwMDAwMDAwMDAwMH0sInNjaGVtYV92ZXJzaW9uIjoiMSJ9",
          "dependencies": [
            "module.vpc.data.aws_availability_zones.available",
            "module.vpc.module.aws_vpc.aws_vpc.this",
            "module.vpc.module.aws_vpc.aws_vpc_ipv4_cidr_block_association.this"
          ]
        },
        {
          "index_key": 1,
          "schema_version": 1,
          "attributes": {
            "arn": "arn:aws:ec2:us-east-1:533267418676:subnet/subnet-0f3e61428d4bb4004",
            "assign_ipv6_address_on_creation": false,
            "availability_zone": "us-east-1b",
            "availability_zone_id": "use1-az6",
            "cidr_block": "20.10.2.0/24",
            "customer_owned_ipv4_pool": "",
            "enable_dns64": false,
            "enable_lni_at_device_index": 0,
            "enable_resource_name_dns_a_record_on_launch": false,
            "enable_resource_name_dns_aaaa_record_on_launch": false,
            "id": "subnet-0f3e61428d4bb4004",
            "ipv6_cidr_block": "",
            "ipv6_cidr_block_association_id": "",
            "ipv6_native": false,
            "map_customer_owned_ip_on_launch": false,
            "map_public_ip_on_launch": false,
            "outpost_arn": "",
            "owner_id": "533267418676",
            "private_dns_hostname_type_on_launch": "ip-name",
            "tags": {
              "BusinessOwner": "CSW242 Team",
              "CostCentre": "CCC001",
              "CreatedBy": "CSW242 Team",
              "Domain": "csw242",
              "Environment": "default",
              "Name": "csw242-default-vpc-private-us-east-1b",
              "TechnicalOwner": "DevOps",
              "Terraform": "true",
              "TerraformWorkspace": "default"
            },
            "tags_all": {
              "BusinessOwner": "CSW242 Team",
              "CostCentre": "CCC001",
              "CreatedBy": "CSW242 Team",
              "Domain": "csw242",
              "Environment": "default",
              "Name": "csw242-default-vpc-private-us-east-1b",
              "TechnicalOwner": "DevOps",
              "Terraform": "true",
              "TerraformWorkspace": "default"
            },
            "timeouts": null,
            "vpc_id": "vpc-0bb56a94880505e3f"
          },
          "sensitive_attributes": [],
          "private": "eyJlMmJmYjczMC1lY2FhLTExZTYtOGY4OC0zNDM2M2JjN2M0YzAiOnsiY3JlYXRlIjo2MDAwMDAwMDAwMDAsImRlbGV0ZSI6MTIwMDAwMDAwMDAwMH0sInNjaGVtYV92ZXJzaW9uIjoiMSJ9",
          "dependencies": [
            "module.vpc.data.aws_availability_zones.available",
            "module.vpc.module.aws_vpc.aws_vpc.this",
            "module.vpc.module.aws_vpc.aws_vpc_ipv4_cidr_block_association.this"
          ]
        },
        {
          "index_key": 2,
          "schema_version": 1,
          "attributes": {
            "arn": "arn:aws:ec2:us-east-1:533267418676:subnet/subnet-02fd143859f2e92ab",
            "assign_ipv6_address_on_creation": false,
            "availability_zone": "us-east-1c",
            "availability_zone_id": "use1-az1",
            "cidr_block": "20.10.3.0/24",
            "customer_owned_ipv4_pool": "",
            "enable_dns64": false,
            "enable_lni_at_device_index": 0,
            "enable_resource_name_dns_a_record_on_launch": false,
            "enable_resource_name_dns_aaaa_record_on_launch": false,
            "id": "subnet-02fd143859f2e92ab",
            "ipv6_cidr_block": "",
            "ipv6_cidr_block_association_id": "",
            "ipv6_native": false,
            "map_customer_owned_ip_on_launch": false,
            "map_public_ip_on_launch": false,
            "outpost_arn": "",
            "owner_id": "533267418676",
            "private_dns_hostname_type_on_launch": "ip-name",
            "tags": {
              "BusinessOwner": "CSW242 Team",
              "CostCentre": "CCC001",
              "CreatedBy": "CSW242 Team",
              "Domain": "csw242",
              "Environment": "default",
              "Name": "csw242-default-vpc-private-us-east-1c",
              "TechnicalOwner": "DevOps",
              "Terraform": "true",
              "TerraformWorkspace": "default"
            },
            "tags_all": {
              "BusinessOwner": "CSW242 Team",
              "CostCentre": "CCC001",
              "CreatedBy": "CSW242 Team",
              "Domain": "csw242",
              "Environment": "default",
              "Name": "csw242-default-vpc-private-us-east-1c",
              "TechnicalOwner": "DevOps",
              "Terraform": "true",
              "TerraformWorkspace": "default"
            },
            "timeouts": null,
            "vpc_id": "vpc-0bb56a94880505e3f"
          },
          "sensitive_attributes": [],
          "private": "eyJlMmJmYjczMC1lY2FhLTExZTYtOGY4OC0zNDM2M2JjN2M0YzAiOnsiY3JlYXRlIjo2MDAwMDAwMDAwMDAsImRlbGV0ZSI6MTIwMDAwMDAwMDAwMH0sInNjaGVtYV92ZXJzaW9uIjoiMSJ9",
          "dependencies": [
            "module.vpc.data.aws_availability_zones.available",
            "module.vpc.module.aws_vpc.aws_vpc.this",
            "module.vpc.module.aws_vpc.aws_vpc_ipv4_cidr_block_association.this"
          ]
        }
      ]
    },
    {
      "module": "module.vpc.module.aws_vpc",
      "mode": "managed",
      "type": "aws_subnet",
      "name": "public",
      "provider": "provider[\"registry.terraform.io/hashicorp/aws\"]",
      "instances": [
        {
          "index_key": 0,
          "schema_version": 1,
          "attributes": {
            "arn": "arn:aws:ec2:us-east-1:533267418676:subnet/subnet-0696e887db769759c",
            "assign_ipv6_address_on_creation": false,
            "availability_zone": "us-east-1a",
            "availability_zone_id": "use1-az4",
            "cidr_block": "20.10.11.0/24",
            "customer_owned_ipv4_pool": "",
            "enable_dns64": false,
            "enable_lni_at_device_index": 0,
            "enable_resource_name_dns_a_record_on_launch": false,
            "enable_resource_name_dns_aaaa_record_on_launch": false,
            "id": "subnet-0696e887db769759c",
            "ipv6_cidr_block": "",
            "ipv6_cidr_block_association_id": "",
            "ipv6_native": false,
            "map_customer_owned_ip_on_launch": false,
            "map_public_ip_on_launch": false,
            "outpost_arn": "",
            "owner_id": "533267418676",
            "private_dns_hostname_type_on_launch": "ip-name",
            "tags": {
              "BusinessOwner": "CSW242 Team",
              "CostCentre": "CCC001",
              "CreatedBy": "CSW242 Team",
              "Domain": "csw242",
              "Environment": "default",
              "Name": "csw242-default-vpc-public-us-east-1a",
              "TechnicalOwner": "DevOps",
              "Terraform": "true",
              "TerraformWorkspace": "default"
            },
            "tags_all": {
              "BusinessOwner": "CSW242 Team",
              "CostCentre": "CCC001",
              "CreatedBy": "CSW242 Team",
              "Domain": "csw242",
              "Environment": "default",
              "Name": "csw242-default-vpc-public-us-east-1a",
              "TechnicalOwner": "DevOps",
              "Terraform": "true",
              "TerraformWorkspace": "default"
            },
            "timeouts": null,
            "vpc_id": "vpc-0bb56a94880505e3f"
          },
          "sensitive_attributes": [],
          "private": "eyJlMmJmYjczMC1lY2FhLTExZTYtOGY4OC0zNDM2M2JjN2M0YzAiOnsiY3JlYXRlIjo2MDAwMDAwMDAwMDAsImRlbGV0ZSI6MTIwMDAwMDAwMDAwMH0sInNjaGVtYV92ZXJzaW9uIjoiMSJ9",
          "dependencies": [
            "module.vpc.data.aws_availability_zones.available",
            "module.vpc.module.aws_vpc.aws_vpc.this",
            "module.vpc.module.aws_vpc.aws_vpc_ipv4_cidr_block_association.this"
          ]
        },
        {
          "index_key": 1,
          "schema_version": 1,
          "attributes": {
            "arn": "arn:aws:ec2:us-east-1:533267418676:subnet/subnet-070e6a5a8afc45670",
            "assign_ipv6_address_on_creation": false,
            "availability_zone": "us-east-1b",
            "availability_zone_id": "use1-az6",
            "cidr_block": "20.10.12.0/24",
            "customer_owned_ipv4_pool": "",
            "enable_dns64": false,
            "enable_lni_at_device_index": 0,
            "enable_resource_name_dns_a_record_on_launch": false,
            "enable_resource_name_dns_aaaa_record_on_launch": false,
            "id": "subnet-070e6a5a8afc45670",
            "ipv6_cidr_block": "",
            "ipv6_cidr_block_association_id": "",
            "ipv6_native": false,
            "map_customer_owned_ip_on_launch": false,
            "map_public_ip_on_launch": false,
            "outpost_arn": "",
            "owner_id": "533267418676",
            "private_dns_hostname_type_on_launch": "ip-name",
            "tags": {
              "BusinessOwner": "CSW242 Team",
              "CostCentre": "CCC001",
              "CreatedBy": "CSW242 Team",
              "Domain": "csw242",
              "Environment": "default",
              "Name": "csw242-default-vpc-public-us-east-1b",
              "TechnicalOwner": "DevOps",
              "Terraform": "true",
              "TerraformWorkspace": "default"
            },
            "tags_all": {
              "BusinessOwner": "CSW242 Team",
              "CostCentre": "CCC001",
              "CreatedBy": "CSW242 Team",
              "Domain": "csw242",
              "Environment": "default",
              "Name": "csw242-default-vpc-public-us-east-1b",
              "TechnicalOwner": "DevOps",
              "Terraform": "true",
              "TerraformWorkspace": "default"
            },
            "timeouts": null,
            "vpc_id": "vpc-0bb56a94880505e3f"
          },
          "sensitive_attributes": [],
          "private": "eyJlMmJmYjczMC1lY2FhLTExZTYtOGY4OC0zNDM2M2JjN2M0YzAiOnsiY3JlYXRlIjo2MDAwMDAwMDAwMDAsImRlbGV0ZSI6MTIwMDAwMDAwMDAwMH0sInNjaGVtYV92ZXJzaW9uIjoiMSJ9",
          "dependencies": [
            "module.vpc.data.aws_availability_zones.available",
            "module.vpc.module.aws_vpc.aws_vpc.this",
            "module.vpc.module.aws_vpc.aws_vpc_ipv4_cidr_block_association.this"
          ]
        },
        {
          "index_key": 2,
          "schema_version": 1,
          "attributes": {
            "arn": "arn:aws:ec2:us-east-1:533267418676:subnet/subnet-07a00ee4f5e4b5c41",
            "assign_ipv6_address_on_creation": false,
            "availability_zone": "us-east-1c",
            "availability_zone_id": "use1-az1",
            "cidr_block": "20.10.13.0/24",
            "customer_owned_ipv4_pool": "",
            "enable_dns64": false,
            "enable_lni_at_device_index": 0,
            "enable_resource_name_dns_a_record_on_launch": false,
            "enable_resource_name_dns_aaaa_record_on_launch": false,
            "id": "subnet-07a00ee4f5e4b5c41",
            "ipv6_cidr_block": "",
            "ipv6_cidr_block_association_id": "",
            "ipv6_native": false,
            "map_customer_owned_ip_on_launch": false,
            "map_public_ip_on_launch": false,
            "outpost_arn": "",
            "owner_id": "533267418676",
            "private_dns_hostname_type_on_launch": "ip-name",
            "tags": {
              "BusinessOwner": "CSW242 Team",
              "CostCentre": "CCC001",
              "CreatedBy": "CSW242 Team",
              "Domain": "csw242",
              "Environment": "default",
              "Name": "csw242-default-vpc-public-us-east-1c",
              "TechnicalOwner": "DevOps",
              "Terraform": "true",
              "TerraformWorkspace": "default"
            },
            "tags_all": {
              "BusinessOwner": "CSW242 Team",
              "CostCentre": "CCC001",
              "CreatedBy": "CSW242 Team",
              "Domain": "csw242",
              "Environment": "default",
              "Name": "csw242-default-vpc-public-us-east-1c",
              "TechnicalOwner": "DevOps",
              "Terraform": "true",
              "TerraformWorkspace": "default"
            },
            "timeouts": null,
            "vpc_id": "vpc-0bb56a94880505e3f"
          },
          "sensitive_attributes": [],
          "private": "eyJlMmJmYjczMC1lY2FhLTExZTYtOGY4OC0zNDM2M2JjN2M0YzAiOnsiY3JlYXRlIjo2MDAwMDAwMDAwMDAsImRlbGV0ZSI6MTIwMDAwMDAwMDAwMH0sInNjaGVtYV92ZXJzaW9uIjoiMSJ9",
          "dependencies": [
            "module.vpc.data.aws_availability_zones.available",
            "module.vpc.module.aws_vpc.aws_vpc.this",
            "module.vpc.module.aws_vpc.aws_vpc_ipv4_cidr_block_association.this"
          ]
        }
      ]
    },
    {
      "module": "module.vpc.module.aws_vpc",
      "mode": "managed",
      "type": "aws_vpc",
      "name": "this",
      "provider": "provider[\"registry.terraform.io/hashicorp/aws\"]",
      "instances": [
        {
          "index_key": 0,
          "schema_version": 1,
          "attributes": {
            "arn": "arn:aws:ec2:us-east-1:533267418676:vpc/vpc-0bb56a94880505e3f",
            "assign_generated_ipv6_cidr_block": false,
            "cidr_block": "20.10.0.0/16",
            "default_network_acl_id": "acl-0862f1fb228c185ca",
            "default_route_table_id": "rtb-03db2d390b1b95094",
            "default_security_group_id": "sg-090093622b97b2680",
            "dhcp_options_id": "dopt-01a0076fbf9c671e1",
            "enable_dns_hostnames": true,
            "enable_dns_support": true,
            "enable_network_address_usage_metrics": false,
            "id": "vpc-0bb56a94880505e3f",
            "instance_tenancy": "default",
            "ipv4_ipam_pool_id": null,
            "ipv4_netmask_length": null,
            "ipv6_association_id": "",
            "ipv6_cidr_block": "",
            "ipv6_cidr_block_network_border_group": "",
            "ipv6_ipam_pool_id": "",
            "ipv6_netmask_length": 0,
            "main_route_table_id": "rtb-03db2d390b1b95094",
            "owner_id": "533267418676",
            "tags": {
              "BusinessOwner": "CSW242 Team",
              "CostCentre": "CCC001",
              "CreatedBy": "CSW242 Team",
              "Domain": "csw242",
              "Environment": "default",
              "Name": "csw242-default-vpc",
              "TechnicalOwner": "DevOps",
              "Terraform": "true",
              "TerraformWorkspace": "default"
            },
            "tags_all": {
              "BusinessOwner": "CSW242 Team",
              "CostCentre": "CCC001",
              "CreatedBy": "CSW242 Team",
              "Domain": "csw242",
              "Environment": "default",
              "Name": "csw242-default-vpc",
              "TechnicalOwner": "DevOps",
              "Terraform": "true",
              "TerraformWorkspace": "default"
            }
          },
          "sensitive_attributes": [],
          "private": "eyJzY2hlbWFfdmVyc2lvbiI6IjEifQ==",
          "create_before_destroy": true
        }
      ]
    },
    {
      "module": "module.vpc.module.database_subnets",
      "mode": "managed",
      "type": "aws_ssm_parameter",
      "name": "parameter",
      "provider": "provider[\"registry.terraform.io/hashicorp/aws\"]",
      "instances": [
        {
          "schema_version": 0,
          "attributes": {
            "allowed_pattern": "",
            "arn": "arn:aws:ssm:us-east-1:533267418676:parameter/vpc/csw242-default-vpc/database-subnets",
            "data_type": "text",
            "description": "",
            "id": "/vpc/csw242-default-vpc/database-subnets",
            "insecure_value": null,
            "key_id": "",
            "name": "/vpc/csw242-default-vpc/database-subnets",
            "overwrite": null,
            "tags": null,
            "tags_all": {},
            "tier": "Standard",
            "type": "StringList",
            "value": "subnet-092d9242a5b7c0fa0,subnet-02c5ca9812ceacf81,subnet-0672fb9e00d223e88",
            "version": 1
          },
          "sensitive_attributes": [
            [
              {
                "type": "get_attr",
                "value": "value"
              }
            ]
          ],
          "private": "bnVsbA==",
          "dependencies": [
            "module.vpc.data.aws_availability_zones.available",
            "module.vpc.module.aws_vpc.aws_subnet.database",
            "module.vpc.module.aws_vpc.aws_vpc.this",
            "module.vpc.module.aws_vpc.aws_vpc_ipv4_cidr_block_association.this"
          ]
        }
      ]
    },
    {
      "module": "module.vpc.module.private_subnets",
      "mode": "managed",
      "type": "aws_ssm_parameter",
      "name": "parameter",
      "provider": "provider[\"registry.terraform.io/hashicorp/aws\"]",
      "instances": [
        {
          "schema_version": 0,
          "attributes": {
            "allowed_pattern": "",
            "arn": "arn:aws:ssm:us-east-1:533267418676:parameter/vpc/csw242-default-vpc/private-subnets",
            "data_type": "text",
            "description": "",
            "id": "/vpc/csw242-default-vpc/private-subnets",
            "insecure_value": null,
            "key_id": "",
            "name": "/vpc/csw242-default-vpc/private-subnets",
            "overwrite": null,
            "tags": null,
            "tags_all": {},
            "tier": "Standard",
            "type": "StringList",
            "value": "subnet-07c8f8d0025e1acfc,subnet-0f3e61428d4bb4004,subnet-02fd143859f2e92ab",
            "version": 1
          },
          "sensitive_attributes": [
            [
              {
                "type": "get_attr",
                "value": "value"
              }
            ]
          ],
          "private": "bnVsbA==",
          "dependencies": [
            "module.vpc.data.aws_availability_zones.available",
            "module.vpc.module.aws_vpc.aws_subnet.private",
            "module.vpc.module.aws_vpc.aws_vpc.this",
            "module.vpc.module.aws_vpc.aws_vpc_ipv4_cidr_block_association.this"
          ]
        }
      ]
    },
    {
      "module": "module.vpc.module.public_subnets",
      "mode": "managed",
      "type": "aws_ssm_parameter",
      "name": "parameter",
      "provider": "provider[\"registry.terraform.io/hashicorp/aws\"]",
      "instances": [
        {
          "schema_version": 0,
          "attributes": {
            "allowed_pattern": "",
            "arn": "arn:aws:ssm:us-east-1:533267418676:parameter/vpc/csw242-default-vpc/public-subnets",
            "data_type": "text",
            "description": "",
            "id": "/vpc/csw242-default-vpc/public-subnets",
            "insecure_value": null,
            "key_id": "",
            "name": "/vpc/csw242-default-vpc/public-subnets",
            "overwrite": null,
            "tags": null,
            "tags_all": {},
            "tier": "Standard",
            "type": "StringList",
            "value": "subnet-0696e887db769759c,subnet-070e6a5a8afc45670,subnet-07a00ee4f5e4b5c41",
            "version": 1
          },
          "sensitive_attributes": [
            [
              {
                "type": "get_attr",
                "value": "value"
              }
            ]
          ],
          "private": "bnVsbA==",
          "dependencies": [
            "module.vpc.data.aws_availability_zones.available",
            "module.vpc.module.aws_vpc.aws_subnet.public",
            "module.vpc.module.aws_vpc.aws_vpc.this",
            "module.vpc.module.aws_vpc.aws_vpc_ipv4_cidr_block_association.this"
          ]
        }
      ]
    },
    {
      "module": "module.vpc.module.vpc_id",
      "mode": "managed",
      "type": "aws_ssm_parameter",
      "name": "parameter",
      "provider": "provider[\"registry.terraform.io/hashicorp/aws\"]",
      "instances": [
        {
          "schema_version": 0,
          "attributes": {
            "allowed_pattern": "",
            "arn": "arn:aws:ssm:us-east-1:533267418676:parameter/vpc/csw242-default-vpc/id",
            "data_type": "text",
            "description": "",
            "id": "/vpc/csw242-default-vpc/id",
            "insecure_value": null,
            "key_id": "",
            "name": "/vpc/csw242-default-vpc/id",
            "overwrite": null,
            "tags": null,
            "tags_all": {},
            "tier": "Standard",
            "type": "String",
            "value": "vpc-0bb56a94880505e3f",
            "version": 1
          },
          "sensitive_attributes": [
            [
              {
                "type": "get_attr",
                "value": "value"
              }
            ]
          ],
          "private": "bnVsbA==",
          "dependencies": [
            "module.vpc.module.aws_vpc.aws_vpc.this"
          ]
        }
      ]
    }
  ],
  "check_results": null
}
